
Microsoft Visual Studio Solution File, Format Version 12.00
# Visual Studio Version 17
VisualStudioVersion = 17.14.36401.2 d17.14
MinimumVisualStudioVersion = 10.0.40219.1
Project("{FAE04EC0-301F-11D3-BF4B-00C04F79EFBC}") = "UNITTESTDEMO", "UNITTESTDEMO\UNITTESTDEMO.csproj", "{7146D101-E179-478B-B5C9-D8A98834B503}"
EndProject
Global
	GlobalSection(SolutionConfigurationPlatforms) = preSolution
		Debug|Any CPU = Debug|Any CPU
		Release|Any CPU = Release|Any CPU
	EndGlobalSection
	GlobalSection(ProjectConfigurationPlatforms) = postSolution
		{7146D101-E179-478B-B5C9-D8A98834B503}.Debug|Any CPU.ActiveCfg = Debug|Any CPU
		{7146D101-E179-478B-B5C9-D8A98834B503}.Debug|Any CPU.Build.0 = Debug|Any CPU
		{7146D101-E179-478B-B5C9-D8A98834B503}.Release|Any CPU.ActiveCfg = Release|Any CPU
		{7146D101-E179-478B-B5C9-D8A98834B503}.Release|Any CPU.Build.0 = Release|Any CPU
	EndGlobalSection
	GlobalSection(SolutionProperties) = preSolution
		HideSolutionNode = FALSE
	EndGlobalSection
	GlobalSection(ExtensibilityGlobals) = postSolution
		SolutionGuid = {F7D040EA-45A6-4287-9C56-3E9B00DB3690}
	EndGlobalSection
EndGlobal
