
Microsoft Visual Studio Solution File, Format Version 12.00
# Visual Studio Version 17
VisualStudioVersion = 17.14.36401.2 d17.14
MinimumVisualStudioVersion = 10.0.40219.1
Project("{FAE04EC0-301F-11D3-BF4B-00C04F79EFBC}") = "BUSINESSREQUIREMENTS", "BUSINESSREQUIREMENTS\BUSINESSREQUIREMENTS.csproj", "{6FD03B99-5DB0-4C7C-82CC-89226D5BCDB6}"
EndProject
Project("{FAE04EC0-301F-11D3-BF4B-00C04F79EFBC}") = "BUSINESSREQUIREMENTS.TEST", "BUSINESSREQUIREMENTS.TEST\BUSINESSREQUIREMENTS.TEST.csproj", "{99F097CA-E04D-4A70-BFC9-96E4D67BD57E}"
EndProject
Project("{FAE04EC0-301F-11D3-BF4B-00C04F79EFBC}") = "DSADEMO", "DSADEMO\DSADEMO.csproj", "{D179F5AC-64E4-4CB5-BAB3-117267D9108C}"
EndProject
Global
	GlobalSection(SolutionConfigurationPlatforms) = preSolution
		Debug|Any CPU = Debug|Any CPU
		Release|Any CPU = Release|Any CPU
	EndGlobalSection
	GlobalSection(ProjectConfigurationPlatforms) = postSolution
		{6FD03B99-5DB0-4C7C-82CC-89226D5BCDB6}.Debug|Any CPU.ActiveCfg = Debug|Any CPU
		{6FD03B99-5DB0-4C7C-82CC-89226D5BCDB6}.Debug|Any CPU.Build.0 = Debug|Any CPU
		{6FD03B99-5DB0-4C7C-82CC-89226D5BCDB6}.Release|Any CPU.ActiveCfg = Release|Any CPU
		{6FD03B99-5DB0-4C7C-82CC-89226D5BCDB6}.Release|Any CPU.Build.0 = Release|Any CPU
		{99F097CA-E04D-4A70-BFC9-96E4D67BD57E}.Debug|Any CPU.ActiveCfg = Debug|Any CPU
		{99F097CA-E04D-4A70-BFC9-96E4D67BD57E}.Debug|Any CPU.Build.0 = Debug|Any CPU
		{99F097CA-E04D-4A70-BFC9-96E4D67BD57E}.Release|Any CPU.ActiveCfg = Release|Any CPU
		{99F097CA-E04D-4A70-BFC9-96E4D67BD57E}.Release|Any CPU.Build.0 = Release|Any CPU
		{D179F5AC-64E4-4CB5-BAB3-117267D9108C}.Debug|Any CPU.ActiveCfg = Debug|Any CPU
		{D179F5AC-64E4-4CB5-BAB3-117267D9108C}.Debug|Any CPU.Build.0 = Debug|Any CPU
		{D179F5AC-64E4-4CB5-BAB3-117267D9108C}.Release|Any CPU.ActiveCfg = Release|Any CPU
		{D179F5AC-64E4-4CB5-BAB3-117267D9108C}.Release|Any CPU.Build.0 = Release|Any CPU
	EndGlobalSection
	GlobalSection(SolutionProperties) = preSolution
		HideSolutionNode = FALSE
	EndGlobalSection
	GlobalSection(ExtensibilityGlobals) = postSolution
		SolutionGuid = {F7D040EA-45A6-4287-9C56-3E9B00DB3690}
	EndGlobalSection
EndGlobal
